
Microsoft Visual Studio Solution File, Format Version 12.00
# Visual Studio Version 16
VisualStudioVersion = 16.0.29613.14
MinimumVisualStudioVersion = 10.0.40219.1
Project("{FAE04EC0-301F-11D3-BF4B-00C04F79EFBC}") = "MidExam", "MidExam\MidExam.csproj", "{EBBD1DC4-230B-47FA-BA82-392B017C7895}"
EndProject
Global
	GlobalSection(SolutionConfigurationPlatforms) = preSolution
		Debug|Any CPU = Debug|Any CPU
		Release|Any CPU = Release|Any CPU
	EndGlobalSection
	GlobalSection(ProjectConfigurationPlatforms) = postSolution
		{EBBD1DC4-230B-47FA-BA82-392B017C7895}.Debug|Any CPU.ActiveCfg = Debug|Any CPU
		{EBBD1DC4-230B-47FA-BA82-392B017C7895}.Debug|Any CPU.Build.0 = Debug|Any CPU
		{EBBD1DC4-230B-47FA-BA82-392B017C7895}.Release|Any CPU.ActiveCfg = Release|Any CPU
		{EBBD1DC4-230B-47FA-BA82-392B017C7895}.Release|Any CPU.Build.0 = Release|Any CPU
	EndGlobalSection
	GlobalSection(SolutionProperties) = preSolution
		HideSolutionNode = FALSE
	EndGlobalSection
	GlobalSection(ExtensibilityGlobals) = postSolution
		SolutionGuid = {F7EB3638-F6FF-412B-9FDC-0171D53D49AD}
	EndGlobalSection
EndGlobal
