
Microsoft Visual Studio Solution File, Format Version 12.00
# Visual Studio Version 16
VisualStudioVersion = 16.0.29613.14
MinimumVisualStudioVersion = 10.0.40219.1
Project("{FAE04EC0-301F-11D3-BF4B-00C04F79EFBC}") = "Lab1", "Lab1\Lab1.csproj", "{391DDFF0-0C42-4814-9A74-84D21005551B}"
EndProject
Global
	GlobalSection(SolutionConfigurationPlatforms) = preSolution
		Debug|Any CPU = Debug|Any CPU
		Release|Any CPU = Release|Any CPU
	EndGlobalSection
	GlobalSection(ProjectConfigurationPlatforms) = postSolution
		{391DDFF0-0C42-4814-9A74-84D21005551B}.Debug|Any CPU.ActiveCfg = Debug|Any CPU
		{391DDFF0-0C42-4814-9A74-84D21005551B}.Debug|Any CPU.Build.0 = Debug|Any CPU
		{391DDFF0-0C42-4814-9A74-84D21005551B}.Release|Any CPU.ActiveCfg = Release|Any CPU
		{391DDFF0-0C42-4814-9A74-84D21005551B}.Release|Any CPU.Build.0 = Release|Any CPU
	EndGlobalSection
	GlobalSection(SolutionProperties) = preSolution
		HideSolutionNode = FALSE
	EndGlobalSection
	GlobalSection(ExtensibilityGlobals) = postSolution
		SolutionGuid = {F4C95E19-13A2-455F-A23F-3E56429F1B48}
	EndGlobalSection
EndGlobal
